// !$*UTF8*$!
{
	archiveVersion = 1;
	classes = {
	};
	objectVersion = 46;
	objects = {

/* Begin PBXBuildFile section */
		140113A11D14668500E6A160 /* AppDelegate.swift in Sources */ = {isa = PBXBuildFile; fileRef = 140113A01D14668500E6A160 /* AppDelegate.swift */; };
		140113A81D14668500E6A160 /* Assets.xcassets in Resources */ = {isa = PBXBuildFile; fileRef = 140113A71D14668500E6A160 /* Assets.xcassets */; };
		140113AB1D14668500E6A160 /* LaunchScreen.storyboard in Resources */ = {isa = PBXBuildFile; fileRef = 140113A91D14668500E6A160 /* LaunchScreen.storyboard */; };
		14232FF51D146C1F00259C27 /* FollowButton.swift in Sources */ = {isa = PBXBuildFile; fileRef = 14232FF31D146C1F00259C27 /* FollowButton.swift */; };
		14232FF61D146C1F00259C27 /* ProfileViewController.swift in Sources */ = {isa = PBXBuildFile; fileRef = 14232FF41D146C1F00259C27 /* ProfileViewController.swift */; };
		14232FFC1D14789300259C27 /* ProfileCardInfoSection.swift in Sources */ = {isa = PBXBuildFile; fileRef = 14232FFB1D14789300259C27 /* ProfileCardInfoSection.swift */; };
		14232FFE1D147D5500259C27 /* StyleHelper.swift in Sources */ = {isa = PBXBuildFile; fileRef = 14232FFD1D147D5500259C27 /* StyleHelper.swift */; };
		142330021D1487BE00259C27 /* ProfileCardDetailsSection.swift in Sources */ = {isa = PBXBuildFile; fileRef = 142330011D1487BE00259C27 /* ProfileCardDetailsSection.swift */; };
		142330041D14919D00259C27 /* UserModel.swift in Sources */ = {isa = PBXBuildFile; fileRef = 142330031D14919D00259C27 /* UserModel.swift */; };
		142330071D14ECAC00259C27 /* SocialCollectionView.swift in Sources */ = {isa = PBXBuildFile; fileRef = 142330061D14ECAC00259C27 /* SocialCollectionView.swift */; };
		142330091D15871E00259C27 /* UserSeedHelper.swift in Sources */ = {isa = PBXBuildFile; fileRef = 142330081D15871E00259C27 /* UserSeedHelper.swift */; };
		1423300B1D15875400259C27 /* random_users.json in Resources */ = {isa = PBXBuildFile; fileRef = 1423300A1D15875400259C27 /* random_users.json */; };
		9949CD6DA66DC10277CFE9AD /* Pods_CatUserDefaults.framework in Frameworks */ = {isa = PBXBuildFile; fileRef = A365C8258FA7AC48FFC678B5 /* Pods_CatUserDefaults.framework */; };
/* End PBXBuildFile section */

/* Begin PBXFileReference section */
		0D9D5E60E99053C5AFEFDBC4 /* Pods-CatUserDefaults.debug.xcconfig */ = {isa = PBXFileReference; includeInIndex = 1; lastKnownFileType = text.xcconfig; name = "Pods-CatUserDefaults.debug.xcconfig"; path = "Pods/Target Support Files/Pods-CatUserDefaults/Pods-CatUserDefaults.debug.xcconfig"; sourceTree = "<group>"; };
		1401139D1D14668500E6A160 /* CatUserDefaults.app */ = {isa = PBXFileReference; explicitFileType = wrapper.application; includeInIndex = 0; path = CatUserDefaults.app; sourceTree = BUILT_PRODUCTS_DIR; };
		140113A01D14668500E6A160 /* AppDelegate.swift */ = {isa = PBXFileReference; lastKnownFileType = sourcecode.swift; path = AppDelegate.swift; sourceTree = "<group>"; };
		140113A71D14668500E6A160 /* Assets.xcassets */ = {isa = PBXFileReference; lastKnownFileType = folder.assetcatalog; path = Assets.xcassets; sourceTree = "<group>"; };
		140113AA1D14668500E6A160 /* Base */ = {isa = PBXFileReference; lastKnownFileType = file.storyboard; name = Base; path = Base.lproj/LaunchScreen.storyboard; sourceTree = "<group>"; };
		140113AC1D14668500E6A160 /* Info.plist */ = {isa = PBXFileReference; lastKnownFileType = text.plist.xml; path = Info.plist; sourceTree = "<group>"; };
		14232FF31D146C1F00259C27 /* FollowButton.swift */ = {isa = PBXFileReference; fileEncoding = 4; lastKnownFileType = sourcecode.swift; name = FollowButton.swift; path = ../../catthoughtsFollowButton/FollowButton/FollowButton.swift; sourceTree = "<group>"; };
		14232FF41D146C1F00259C27 /* ProfileViewController.swift */ = {isa = PBXFileReference; fileEncoding = 4; lastKnownFileType = sourcecode.swift; name = ProfileViewController.swift; path = ../../catthoughtsFollowButton/FollowButton/ProfileViewController.swift; sourceTree = "<group>"; };
		14232FFB1D14789300259C27 /* ProfileCardInfoSection.swift */ = {isa = PBXFileReference; fileEncoding = 4; lastKnownFileType = sourcecode.swift; path = ProfileCardInfoSection.swift; sourceTree = "<group>"; };
		14232FFD1D147D5500259C27 /* StyleHelper.swift */ = {isa = PBXFileReference; fileEncoding = 4; lastKnownFileType = sourcecode.swift; path = StyleHelper.swift; sourceTree = "<group>"; };
		142330011D1487BE00259C27 /* ProfileCardDetailsSection.swift */ = {isa = PBXFileReference; fileEncoding = 4; lastKnownFileType = sourcecode.swift; path = ProfileCardDetailsSection.swift; sourceTree = "<group>"; };
		142330031D14919D00259C27 /* UserModel.swift */ = {isa = PBXFileReference; fileEncoding = 4; lastKnownFileType = sourcecode.swift; path = UserModel.swift; sourceTree = "<group>"; };
		142330061D14ECAC00259C27 /* SocialCollectionView.swift */ = {isa = PBXFileReference; fileEncoding = 4; lastKnownFileType = sourcecode.swift; path = SocialCollectionView.swift; sourceTree = "<group>"; };
		142330081D15871E00259C27 /* UserSeedHelper.swift */ = {isa = PBXFileReference; fileEncoding = 4; lastKnownFileType = sourcecode.swift; path = UserSeedHelper.swift; sourceTree = "<group>"; };
		1423300A1D15875400259C27 /* random_users.json */ = {isa = PBXFileReference; fileEncoding = 4; lastKnownFileType = text.json; path = random_users.json; sourceTree = SOURCE_ROOT; };
		A365C8258FA7AC48FFC678B5 /* Pods_CatUserDefaults.framework */ = {isa = PBXFileReference; explicitFileType = wrapper.framework; includeInIndex = 0; path = Pods_CatUserDefaults.framework; sourceTree = BUILT_PRODUCTS_DIR; };
		AD63F85A65E454B5F09FF9DD /* Pods-CatUserDefaults.release.xcconfig */ = {isa = PBXFileReference; includeInIndex = 1; lastKnownFileType = text.xcconfig; name = "Pods-CatUserDefaults.release.xcconfig"; path = "Pods/Target Support Files/Pods-CatUserDefaults/Pods-CatUserDefaults.release.xcconfig"; sourceTree = "<group>"; };
/* End PBXFileReference section */

/* Begin PBXFrameworksBuildPhase section */
		1401139A1D14668500E6A160 /* Frameworks */ = {
			isa = PBXFrameworksBuildPhase;
			buildActionMask = 2147483647;
			files = (
				9949CD6DA66DC10277CFE9AD /* Pods_CatUserDefaults.framework in Frameworks */,
			);
			runOnlyForDeploymentPostprocessing = 0;
		};
/* End PBXFrameworksBuildPhase section */

/* Begin PBXGroup section */
		140113941D14668500E6A160 = {
			isa = PBXGroup;
			children = (
				1401139F1D14668500E6A160 /* CatUserDefaults */,
				1401139E1D14668500E6A160 /* Products */,
				91C847152299B8A12A30224B /* Pods */,
				897BAF5C1BEC498C7B7F2D50 /* Frameworks */,
			);
			sourceTree = "<group>";
		};
		1401139E1D14668500E6A160 /* Products */ = {
			isa = PBXGroup;
			children = (
				1401139D1D14668500E6A160 /* CatUserDefaults.app */,
			);
			name = Products;
			sourceTree = "<group>";
		};
		1401139F1D14668500E6A160 /* CatUserDefaults */ = {
			isa = PBXGroup;
			children = (
				14232FF91D146CEB00259C27 /* App Delegate */,
				142330001D147E4800259C27 /* Common */,
				14232FFA1D14750D00259C27 /* Views */,
				142330051D1491A100259C27 /* User Model */,
				14232FFF1D147E3500259C27 /* View Controllers */,
				14232FF21D146BEB00259C27 /* Supporting Files */,
			);
			path = CatUserDefaults;
			sourceTree = "<group>";
		};
		14232FF21D146BEB00259C27 /* Supporting Files */ = {
			isa = PBXGroup;
			children = (
				1423300A1D15875400259C27 /* random_users.json */,
				140113A71D14668500E6A160 /* Assets.xcassets */,
				140113A91D14668500E6A160 /* LaunchScreen.storyboard */,
				140113AC1D14668500E6A160 /* Info.plist */,
			);
			name = "Supporting Files";
			sourceTree = "<group>";
		};
		14232FF91D146CEB00259C27 /* App Delegate */ = {
			isa = PBXGroup;
			children = (
				140113A01D14668500E6A160 /* AppDelegate.swift */,
			);
			name = "App Delegate";
			sourceTree = "<group>";
		};
		14232FFA1D14750D00259C27 /* Views */ = {
			isa = PBXGroup;
			children = (
				14232FF31D146C1F00259C27 /* FollowButton.swift */,
				14232FFB1D14789300259C27 /* ProfileCardInfoSection.swift */,
				142330011D1487BE00259C27 /* ProfileCardDetailsSection.swift */,
				142330061D14ECAC00259C27 /* SocialCollectionView.swift */,
			);
			name = Views;
			sourceTree = "<group>";
		};
		14232FFF1D147E3500259C27 /* View Controllers */ = {
			isa = PBXGroup;
			children = (
				14232FF41D146C1F00259C27 /* ProfileViewController.swift */,
			);
			name = "View Controllers";
			sourceTree = "<group>";
		};
		142330001D147E4800259C27 /* Common */ = {
			isa = PBXGroup;
			children = (
				14232FFD1D147D5500259C27 /* StyleHelper.swift */,
				142330081D15871E00259C27 /* UserSeedHelper.swift */,
			);
			name = Common;
			sourceTree = "<group>";
		};
		142330051D1491A100259C27 /* User Model */ = {
			isa = PBXGroup;
			children = (
				142330031D14919D00259C27 /* UserModel.swift */,
			);
			name = "User Model";
			sourceTree = "<group>";
		};
		897BAF5C1BEC498C7B7F2D50 /* Frameworks */ = {
			isa = PBXGroup;
			children = (
				A365C8258FA7AC48FFC678B5 /* Pods_CatUserDefaults.framework */,
			);
			name = Frameworks;
			sourceTree = "<group>";
		};
		91C847152299B8A12A30224B /* Pods */ = {
			isa = PBXGroup;
			children = (
				0D9D5E60E99053C5AFEFDBC4 /* Pods-CatUserDefaults.debug.xcconfig */,
				AD63F85A65E454B5F09FF9DD /* Pods-CatUserDefaults.release.xcconfig */,
			);
			name = Pods;
			sourceTree = "<group>";
		};
/* End PBXGroup section */

/* Begin PBXNativeTarget section */
		1401139C1D14668500E6A160 /* CatUserDefaults */ = {
			isa = PBXNativeTarget;
			buildConfigurationList = 140113AF1D14668500E6A160 /* Build configuration list for PBXNativeTarget "CatUserDefaults" */;
			buildPhases = (
				34EF26BE42E8FE3AD5C0C276 /* [CP] Check Pods Manifest.lock */,
				140113991D14668500E6A160 /* Sources */,
				1401139A1D14668500E6A160 /* Frameworks */,
				1401139B1D14668500E6A160 /* Resources */,
				29489858975941B9AC75EB97 /* [CP] Embed Pods Frameworks */,
				4AA18419CC452A3005D997D5 /* [CP] Copy Pods Resources */,
			);
			buildRules = (
			);
			dependencies = (
			);
			name = CatUserDefaults;
			productName = CatUserDefaults;
			productReference = 1401139D1D14668500E6A160 /* CatUserDefaults.app */;
			productType = "com.apple.product-type.application";
		};
/* End PBXNativeTarget section */

/* Begin PBXProject section */
		140113951D14668500E6A160 /* Project object */ = {
			isa = PBXProject;
			attributes = {
				LastSwiftUpdateCheck = 0730;
				LastUpgradeCheck = 0730;
				ORGANIZATIONNAME = catthoughts;
				TargetAttributes = {
					1401139C1D14668500E6A160 = {
						CreatedOnToolsVersion = 7.3.1;
					};
				};
			};
			buildConfigurationList = 140113981D14668500E6A160 /* Build configuration list for PBXProject "CatUserDefaults" */;
			compatibilityVersion = "Xcode 3.2";
			developmentRegion = English;
			hasScannedForEncodings = 0;
			knownRegions = (
				en,
				Base,
			);
			mainGroup = 140113941D14668500E6A160;
			productRefGroup = 1401139E1D14668500E6A160 /* Products */;
			projectDirPath = "";
			projectRoot = "";
			targets = (
				1401139C1D14668500E6A160 /* CatUserDefaults */,
			);
		};
/* End PBXProject section */

/* Begin PBXResourcesBuildPhase section */
		1401139B1D14668500E6A160 /* Resources */ = {
			isa = PBXResourcesBuildPhase;
			buildActionMask = 2147483647;
			files = (
				140113AB1D14668500E6A160 /* LaunchScreen.storyboard in Resources */,
				140113A81D14668500E6A160 /* Assets.xcassets in Resources */,
				1423300B1D15875400259C27 /* random_users.json in Resources */,
			);
			runOnlyForDeploymentPostprocessing = 0;
		};
/* End PBXResourcesBuildPhase section */

/* Begin PBXShellScriptBuildPhase section */
		29489858975941B9AC75EB97 /* [CP] Embed Pods Frameworks */ = {
			isa = PBXShellScriptBuildPhase;
			buildActionMask = 2147483647;
			files = (
			);
			inputPaths = (
			);
			name = "[CP] Embed Pods Frameworks";
			outputPaths = (
			);
			runOnlyForDeploymentPostprocessing = 0;
			shellPath = /bin/sh;
			shellScript = "\"${SRCROOT}/Pods/Target Support Files/Pods-CatUserDefaults/Pods-CatUserDefaults-frameworks.sh\"\n";
			showEnvVarsInLog = 0;
		};
		34EF26BE42E8FE3AD5C0C276 /* [CP] Check Pods Manifest.lock */ = {
			isa = PBXShellScriptBuildPhase;
			buildActionMask = 2147483647;
			files = (
			);
			inputPaths = (
			);
			name = "[CP] Check Pods Manifest.lock";
			outputPaths = (
			);
			runOnlyForDeploymentPostprocessing = 0;
			shellPath = /bin/sh;
			shellScript = "diff \"${PODS_ROOT}/../Podfile.lock\" \"${PODS_ROOT}/Manifest.lock\" > /dev/null\nif [[ $? != 0 ]] ; then\n    cat << EOM\nerror: The sandbox is not in sync with the Podfile.lock. Run 'pod install' or update your CocoaPods installation.\nEOM\n    exit 1\nfi\n";
			showEnvVarsInLog = 0;
		};
		4AA18419CC452A3005D997D5 /* [CP] Copy Pods Resources */ = {
			isa = PBXShellScriptBuildPhase;
			buildActionMask = 2147483647;
			files = (
			);
			inputPaths = (
			);
			name = "[CP] Copy Pods Resources";
			outputPaths = (
			);
			runOnlyForDeploymentPostprocessing = 0;
			shellPath = /bin/sh;
			shellScript = "\"${SRCROOT}/Pods/Target Support Files/Pods-CatUserDefaults/Pods-CatUserDefaults-resources.sh\"\n";
			showEnvVarsInLog = 0;
		};
/* End PBXShellScriptBuildPhase section */

/* Begin PBXSourcesBuildPhase section */
		140113991D14668500E6A160 /* Sources */ = {
			isa = PBXSourcesBuildPhase;
			buildActionMask = 2147483647;
			files = (
				140113A11D14668500E6A160 /* AppDelegate.swift in Sources */,
				142330041D14919D00259C27 /* UserModel.swift in Sources */,
				14232FF61D146C1F00259C27 /* ProfileViewController.swift in Sources */,
				142330091D15871E00259C27 /* UserSeedHelper.swift in Sources */,
				142330021D1487BE00259C27 /* ProfileCardDetailsSection.swift in Sources */,
				14232FF51D146C1F00259C27 /* FollowButton.swift in Sources */,
				14232FFC1D14789300259C27 /* ProfileCardInfoSection.swift in Sources */,
				14232FFE1D147D5500259C27 /* StyleHelper.swift in Sources */,
				142330071D14ECAC00259C27 /* SocialCollectionView.swift in Sources */,
			);
			runOnlyForDeploymentPostprocessing = 0;
		};
/* End PBXSourcesBuildPhase section */

/* Begin PBXVariantGroup section */
		140113A91D14668500E6A160 /* LaunchScreen.storyboard */ = {
			isa = PBXVariantGroup;
			children = (
				140113AA1D14668500E6A160 /* Base */,
			);
			name = LaunchScreen.storyboard;
			sourceTree = "<group>";
		};
/* End PBXVariantGroup section */

/* Begin XCBuildConfiguration section */
		140113AD1D14668500E6A160 /* Debug */ = {
			isa = XCBuildConfiguration;
			buildSettings = {
				ALWAYS_SEARCH_USER_PATHS = NO;
				CLANG_ANALYZER_NONNULL = YES;
				CLANG_CXX_LANGUAGE_STANDARD = "gnu++0x";
				CLANG_CXX_LIBRARY = "libc++";
				CLANG_ENABLE_MODULES = YES;
				CLANG_ENABLE_OBJC_ARC = YES;
				CLANG_WARN_BOOL_CONVERSION = YES;
				CLANG_WARN_CONSTANT_CONVERSION = YES;
				CLANG_WARN_DIRECT_OBJC_ISA_USAGE = YES_ERROR;
				CLANG_WARN_EMPTY_BODY = YES;
				CLANG_WARN_ENUM_CONVERSION = YES;
				CLANG_WARN_INT_CONVERSION = YES;
				CLANG_WARN_OBJC_ROOT_CLASS = YES_ERROR;
				CLANG_WARN_UNREACHABLE_CODE = YES;
				CLANG_WARN__DUPLICATE_METHOD_MATCH = YES;
				"CODE_SIGN_IDENTITY[sdk=iphoneos*]" = "iPhone Developer";
				COPY_PHASE_STRIP = NO;
				DEBUG_INFORMATION_FORMAT = dwarf;
				ENABLE_STRICT_OBJC_MSGSEND = YES;
				ENABLE_TESTABILITY = YES;
				GCC_C_LANGUAGE_STANDARD = gnu99;
				GCC_DYNAMIC_NO_PIC = NO;
				GCC_NO_COMMON_BLOCKS = YES;
				GCC_OPTIMIZATION_LEVEL = 0;
				GCC_PREPROCESSOR_DEFINITIONS = (
					"DEBUG=1",
					"$(inherited)",
				);
				GCC_WARN_64_TO_32_BIT_CONVERSION = YES;
				GCC_WARN_ABOUT_RETURN_TYPE = YES_ERROR;
				GCC_WARN_UNDECLARED_SELECTOR = YES;
				GCC_WARN_UNINITIALIZED_AUTOS = YES_AGGRESSIVE;
				GCC_WARN_UNUSED_FUNCTION = YES;
				GCC_WARN_UNUSED_VARIABLE = YES;
				IPHONEOS_DEPLOYMENT_TARGET = 9.3;
				MTL_ENABLE_DEBUG_INFO = YES;
				ONLY_ACTIVE_ARCH = YES;
				SDKROOT = iphoneos;
				SWIFT_OPTIMIZATION_LEVEL = "-Onone";
			};
			name = Debug;
		};
		140113AE1D14668500E6A160 /* Release */ = {
			isa = XCBuildConfiguration;
			buildSettings = {
				ALWAYS_SEARCH_USER_PATHS = NO;
				CLANG_ANALYZER_NONNULL = YES;
				CLANG_CXX_LANGUAGE_STANDARD = "gnu++0x";
				CLANG_CXX_LIBRARY = "libc++";
				CLANG_ENABLE_MODULES = YES;
				CLANG_ENABLE_OBJC_ARC = YES;
				CLANG_WARN_BOOL_CONVERSION = YES;
				CLANG_WARN_CONSTANT_CONVERSION = YES;
				CLANG_WARN_DIRECT_OBJC_ISA_USAGE = YES_ERROR;
				CLANG_WARN_EMPTY_BODY = YES;
				CLANG_WARN_ENUM_CONVERSION = YES;
				CLANG_WARN_INT_CONVERSION = YES;
				CLANG_WARN_OBJC_ROOT_CLASS = YES_ERROR;
				CLANG_WARN_UNREACHABLE_CODE = YES;
				CLANG_WARN__DUPLICATE_METHOD_MATCH = YES;
				"CODE_SIGN_IDENTITY[sdk=iphoneos*]" = "iPhone Developer";
				COPY_PHASE_STRIP = NO;
				DEBUG_INFORMATION_FORMAT = "dwarf-with-dsym";
				ENABLE_NS_ASSERTIONS = NO;
				ENABLE_STRICT_OBJC_MSGSEND = YES;
				GCC_C_LANGUAGE_STANDARD = gnu99;
				GCC_NO_COMMON_BLOCKS = YES;
				GCC_WARN_64_TO_32_BIT_CONVERSION = YES;
				GCC_WARN_ABOUT_RETURN_TYPE = YES_ERROR;
				GCC_WARN_UNDECLARED_SELECTOR = YES;
				GCC_WARN_UNINITIALIZED_AUTOS = YES_AGGRESSIVE;
				GCC_WARN_UNUSED_FUNCTION = YES;
				GCC_WARN_UNUSED_VARIABLE = YES;
				IPHONEOS_DEPLOYMENT_TARGET = 9.3;
				MTL_ENABLE_DEBUG_INFO = NO;
				SDKROOT = iphoneos;
				VALIDATE_PRODUCT = YES;
			};
			name = Release;
		};
		140113B01D14668500E6A160 /* Debug */ = {
			isa = XCBuildConfiguration;
			baseConfigurationReference = 0D9D5E60E99053C5AFEFDBC4 /* Pods-CatUserDefaults.debug.xcconfig */;
			buildSettings = {
				ASSETCATALOG_COMPILER_APPICON_NAME = AppIcon;
				INFOPLIST_FILE = CatUserDefaults/Info.plist;
				LD_RUNPATH_SEARCH_PATHS = "$(inherited) @executable_path/Frameworks";
				PRODUCT_BUNDLE_IDENTIFIER = catthoughts.CatUserDefaults;
				PRODUCT_NAME = "$(TARGET_NAME)";
			};
			name = Debug;
		};
		140113B11D14668500E6A160 /* Release */ = {
			isa = XCBuildConfiguration;
			baseConfigurationReference = AD63F85A65E454B5F09FF9DD /* Pods-CatUserDefaults.release.xcconfig */;
			buildSettings = {
				ASSETCATALOG_COMPILER_APPICON_NAME = AppIcon;
				INFOPLIST_FILE = CatUserDefaults/Info.plist;
				LD_RUNPATH_SEARCH_PATHS = "$(inherited) @executable_path/Frameworks";
				PRODUCT_BUNDLE_IDENTIFIER = catthoughts.CatUserDefaults;
				PRODUCT_NAME = "$(TARGET_NAME)";
			};
			name = Release;
		};
/* End XCBuildConfiguration section */

/* Begin XCConfigurationList section */
		140113981D14668500E6A160 /* Build configuration list for PBXProject "CatUserDefaults" */ = {
			isa = XCConfigurationList;
			buildConfigurations = (
				140113AD1D14668500E6A160 /* Debug */,
				140113AE1D14668500E6A160 /* Release */,
			);
			defaultConfigurationIsVisible = 0;
			defaultConfigurationName = Release;
		};
		140113AF1D14668500E6A160 /* Build configuration list for PBXNativeTarget "CatUserDefaults" */ = {
			isa = XCConfigurationList;
			buildConfigurations = (
				140113B01D14668500E6A160 /* Debug */,
				140113B11D14668500E6A160 /* Release */,
			);
			defaultConfigurationIsVisible = 0;
			defaultConfigurationName = Release;
		};
/* End XCConfigurationList section */
	};
	rootObject = 140113951D14668500E6A160 /* Project object */;
}
